github.com/monime-lab/gotries v0.1.2-0.20230722030820-0e8efc082234 h1:vEISs16n3FwlEulXGgCjp73jubgBevftmBipx5tVmAY=
github.com/monime-lab/gotries v0.1.2-0.20230722030820-0e8efc082234/go.mod h1:J/j6v36GCr4nlzoeIqvpvma/woGFZVo13dkEH1BcsQY=
golang.org/x/sync v0.4.0 h1:zxkM55ReGkDlKSM+Fu41A+zmbZuaPVbGMzvvdUPznYQ=
golang.org/x/sync v0.4.0/go.mod h1:FU7BRWz2tNW+3quACPkgCx/L+uEAv1htQ0V83Z9Rj+Y=
